{
  "version": 4,
  "terraform_version": "1.3.3",
  "serial": 86,
  "lineage": "98541b2e-f16a-320b-b2d2-60c83a189e63",
  "outputs": {},
  "resources": [
    {
      "module": "module.vpc",
      "mode": "managed",
      "type": "aws_eip",
      "name": "aws_nat_gateway",
      "provider": "provider[\"registry.terraform.io/hashicorp/aws\"]",
      "instances": [
        {
          "index_key": "prd_vpc:vpc1_priv1_ngw1",
          "schema_version": 0,
          "attributes": {
            "address": null,
            "allocation_id": "eipalloc-0d9a546cc3772b86f",
            "associate_with_private_ip": null,
            "association_id": "eipassoc-017f2e429f0de14c8",
            "carrier_ip": "",
            "customer_owned_ip": "",
            "customer_owned_ipv4_pool": "",
            "domain": "vpc",
            "id": "eipalloc-0d9a546cc3772b86f",
            "instance": "",
            "network_border_group": "us-east-1",
            "network_interface": "eni-02e9ab9826cd0d610",
            "private_dns": "ip-10-0-3-33.ec2.internal",
            "private_ip": "10.0.3.33",
            "public_dns": "ec2-52-3-90-87.compute-1.amazonaws.com",
            "public_ip": "52.3.90.87",
            "public_ipv4_pool": "amazon",
            "tags": {},
            "tags_all": {},
            "timeouts": null,
            "vpc": true
          },
          "sensitive_attributes": [],
          "private": "eyJlMmJmYjczMC1lY2FhLTExZTYtOGY4OC0zNDM2M2JjN2M0YzAiOnsiZGVsZXRlIjoxODAwMDAwMDAwMDAsInJlYWQiOjkwMDAwMDAwMDAwMCwidXBkYXRlIjozMDAwMDAwMDAwMDB9fQ=="
        }
      ]
    },
    {
      "module": "module.vpc",
      "mode": "managed",
      "type": "aws_internet_gateway",
      "name": "aws_internet_gateway",
      "provider": "provider[\"registry.terraform.io/hashicorp/aws\"]",
      "instances": [
        {
          "index_key": "prd_vpc:igw1",
          "schema_version": 0,
          "attributes": {
            "arn": "arn:aws:ec2:us-east-1:453391784773:internet-gateway/igw-0e63499c3519afb72",
            "id": "igw-0e63499c3519afb72",
            "owner_id": "453391784773",
            "tags": {
              "Name": "prd_vpc_igw1"
            },
            "tags_all": {
              "Name": "prd_vpc_igw1"
            },
            "timeouts": null,
            "vpc_id": "vpc-008679bf72918453f"
          },
          "sensitive_attributes": [],
          "private": "eyJlMmJmYjczMC1lY2FhLTExZTYtOGY4OC0zNDM2M2JjN2M0YzAiOnsiY3JlYXRlIjoxMjAwMDAwMDAwMDAwLCJkZWxldGUiOjEyMDAwMDAwMDAwMDAsInVwZGF0ZSI6MTIwMDAwMDAwMDAwMH19"
        }
      ]
    },
    {
      "module": "module.vpc",
      "mode": "managed",
      "type": "aws_internet_gateway_attachment",
      "name": "aws_internet_gateway_attachment",
      "provider": "provider[\"registry.terraform.io/hashicorp/aws\"]",
      "instances": [
        {
          "index_key": "prd_vpc:igw1",
          "schema_version": 0,
          "attributes": {
            "id": "igw-0e63499c3519afb72:vpc-008679bf72918453f",
            "internet_gateway_id": "igw-0e63499c3519afb72",
            "timeouts": null,
            "vpc_id": "vpc-008679bf72918453f"
          },
          "sensitive_attributes": [],
          "private": "eyJlMmJmYjczMC1lY2FhLTExZTYtOGY4OC0zNDM2M2JjN2M0YzAiOnsiY3JlYXRlIjoxMjAwMDAwMDAwMDAwLCJkZWxldGUiOjEyMDAwMDAwMDAwMDB9fQ==",
          "dependencies": [
            "module.vpc.aws_internet_gateway.aws_internet_gateway",
            "module.vpc.aws_vpc.aws_vpc"
          ]
        }
      ]
    },
    {
      "module": "module.vpc",
      "mode": "managed",
      "type": "aws_nat_gateway",
      "name": "aws_nat_gateway",
      "provider": "provider[\"registry.terraform.io/hashicorp/aws\"]",
      "instances": [
        {
          "index_key": "prd_vpc:vpc1_priv1_ngw1",
          "schema_version": 0,
          "attributes": {
            "allocation_id": "eipalloc-0d9a546cc3772b86f",
            "connectivity_type": "public",
            "id": "nat-062a9e5b0eb9a7a21",
            "network_interface_id": "eni-02e9ab9826cd0d610",
            "private_ip": "10.0.3.33",
            "public_ip": "52.3.90.87",
            "subnet_id": "subnet-02992fdf79087de15",
            "tags": {
              "Name": "prd_vpc_vpc1_priv1"
            },
            "tags_all": {
              "Name": "prd_vpc_vpc1_priv1"
            }
          },
          "sensitive_attributes": [],
          "private": "bnVsbA==",
          "dependencies": [
            "module.vpc.aws_eip.aws_nat_gateway",
            "module.vpc.aws_subnet.aws_subnet",
            "module.vpc.aws_vpc.aws_vpc"
          ]
        }
      ]
    },
    {
      "module": "module.vpc",
      "mode": "managed",
      "type": "aws_route",
      "name": "private_nat_gateway",
      "provider": "provider[\"registry.terraform.io/hashicorp/aws\"]",
      "instances": [
        {
          "index_key": "prd_vpc:vpc1_priv1_ngw1",
          "schema_version": 0,
          "attributes": {
            "carrier_gateway_id": "",
            "core_network_arn": "",
            "destination_cidr_block": "0.0.0.0/0",
            "destination_ipv6_cidr_block": "",
            "destination_prefix_list_id": "",
            "egress_only_gateway_id": "",
            "gateway_id": "",
            "id": "r-rtb-0787ac26a7383b0371080289494",
            "instance_id": "",
            "instance_owner_id": "",
            "local_gateway_id": "",
            "nat_gateway_id": "nat-062a9e5b0eb9a7a21",
            "network_interface_id": "",
            "origin": "CreateRoute",
            "route_table_id": "rtb-0787ac26a7383b037",
            "state": "active",
            "timeouts": null,
            "transit_gateway_id": "",
            "vpc_endpoint_id": "",
            "vpc_peering_connection_id": ""
          },
          "sensitive_attributes": [],
          "private": "eyJlMmJmYjczMC1lY2FhLTExZTYtOGY4OC0zNDM2M2JjN2M0YzAiOnsiY3JlYXRlIjozMDAwMDAwMDAwMDAsImRlbGV0ZSI6MzAwMDAwMDAwMDAwLCJ1cGRhdGUiOjEyMDAwMDAwMDAwMH19",
          "dependencies": [
            "module.vpc.aws_eip.aws_nat_gateway",
            "module.vpc.aws_nat_gateway.aws_nat_gateway",
            "module.vpc.aws_route_table.nat_gateway",
            "module.vpc.aws_subnet.aws_subnet",
            "module.vpc.aws_vpc.aws_vpc"
          ]
        }
      ]
    },
    {
      "module": "module.vpc",
      "mode": "managed",
      "type": "aws_route",
      "name": "public_internet_gateway",
      "provider": "provider[\"registry.terraform.io/hashicorp/aws\"]",
      "instances": [
        {
          "index_key": "prd_vpc:igw1",
          "schema_version": 0,
          "attributes": {
            "carrier_gateway_id": "",
            "core_network_arn": "",
            "destination_cidr_block": "0.0.0.0/0",
            "destination_ipv6_cidr_block": "",
            "destination_prefix_list_id": "",
            "egress_only_gateway_id": "",
            "gateway_id": "igw-0e63499c3519afb72",
            "id": "r-rtb-033a5f897fede1e3e1080289494",
            "instance_id": "",
            "instance_owner_id": "",
            "local_gateway_id": "",
            "nat_gateway_id": "",
            "network_interface_id": "",
            "origin": "CreateRoute",
            "route_table_id": "rtb-033a5f897fede1e3e",
            "state": "active",
            "timeouts": null,
            "transit_gateway_id": "",
            "vpc_endpoint_id": "",
            "vpc_peering_connection_id": ""
          },
          "sensitive_attributes": [],
          "private": "eyJlMmJmYjczMC1lY2FhLTExZTYtOGY4OC0zNDM2M2JjN2M0YzAiOnsiY3JlYXRlIjozMDAwMDAwMDAwMDAsImRlbGV0ZSI6MzAwMDAwMDAwMDAwLCJ1cGRhdGUiOjEyMDAwMDAwMDAwMH19",
          "dependencies": [
            "module.vpc.aws_internet_gateway.aws_internet_gateway",
            "module.vpc.aws_route_table.internet_gateway",
            "module.vpc.aws_vpc.aws_vpc"
          ]
        }
      ]
    },
    {
      "module": "module.vpc",
      "mode": "managed",
      "type": "aws_route_table",
      "name": "internet_gateway",
      "provider": "provider[\"registry.terraform.io/hashicorp/aws\"]",
      "instances": [
        {
          "index_key": "prd_vpc:igw1",
          "schema_version": 0,
          "attributes": {
            "arn": "arn:aws:ec2:us-east-1:453391784773:route-table/rtb-033a5f897fede1e3e",
            "id": "rtb-033a5f897fede1e3e",
            "owner_id": "453391784773",
            "propagating_vgws": [],
            "route": [
              {
                "carrier_gateway_id": "",
                "cidr_block": "0.0.0.0/0",
                "core_network_arn": "",
                "destination_prefix_list_id": "",
                "egress_only_gateway_id": "",
                "gateway_id": "igw-0e63499c3519afb72",
                "instance_id": "",
                "ipv6_cidr_block": "",
                "local_gateway_id": "",
                "nat_gateway_id": "",
                "network_interface_id": "",
                "transit_gateway_id": "",
                "vpc_endpoint_id": "",
                "vpc_peering_connection_id": ""
              }
            ],
            "tags": {
              "Name": "rt_prd_vpc_igw1"
            },
            "tags_all": {
              "Name": "rt_prd_vpc_igw1"
            },
            "timeouts": null,
            "vpc_id": "vpc-008679bf72918453f"
          },
          "sensitive_attributes": [],
          "private": "eyJlMmJmYjczMC1lY2FhLTExZTYtOGY4OC0zNDM2M2JjN2M0YzAiOnsiY3JlYXRlIjozMDAwMDAwMDAwMDAsImRlbGV0ZSI6MzAwMDAwMDAwMDAwLCJ1cGRhdGUiOjEyMDAwMDAwMDAwMH19",
          "dependencies": [
            "module.vpc.aws_internet_gateway.aws_internet_gateway",
            "module.vpc.aws_vpc.aws_vpc"
          ]
        }
      ]
    },
    {
      "module": "module.vpc",
      "mode": "managed",
      "type": "aws_route_table",
      "name": "nat_gateway",
      "provider": "provider[\"registry.terraform.io/hashicorp/aws\"]",
      "instances": [
        {
          "index_key": "prd_vpc:vpc1_priv1_ngw1",
          "schema_version": 0,
          "attributes": {
            "arn": "arn:aws:ec2:us-east-1:453391784773:route-table/rtb-0787ac26a7383b037",
            "id": "rtb-0787ac26a7383b037",
            "owner_id": "453391784773",
            "propagating_vgws": [],
            "route": [],
            "tags": {
              "Name": "rt_prd_vpc:vpc1_priv1_ngw1"
            },
            "tags_all": {
              "Name": "rt_prd_vpc:vpc1_priv1_ngw1"
            },
            "timeouts": null,
            "vpc_id": "vpc-008679bf72918453f"
          },
          "sensitive_attributes": [],
          "private": "eyJlMmJmYjczMC1lY2FhLTExZTYtOGY4OC0zNDM2M2JjN2M0YzAiOnsiY3JlYXRlIjozMDAwMDAwMDAwMDAsImRlbGV0ZSI6MzAwMDAwMDAwMDAwLCJ1cGRhdGUiOjEyMDAwMDAwMDAwMH19",
          "dependencies": [
            "module.vpc.aws_vpc.aws_vpc"
          ]
        }
      ]
    },
    {
      "module": "module.vpc",
      "mode": "managed",
      "type": "aws_route_table_association",
      "name": "private",
      "provider": "provider[\"registry.terraform.io/hashicorp/aws\"]",
      "instances": [
        {
          "index_key": "prd_vpc:vpc1_priv1_ngw1",
          "schema_version": 0,
          "attributes": {
            "gateway_id": "",
            "id": "rtbassoc-0857718918fcea814",
            "route_table_id": "rtb-0787ac26a7383b037",
            "subnet_id": "subnet-02992fdf79087de15"
          },
          "sensitive_attributes": [],
          "private": "bnVsbA==",
          "dependencies": [
            "module.vpc.aws_route_table.nat_gateway",
            "module.vpc.aws_subnet.aws_subnet",
            "module.vpc.aws_vpc.aws_vpc"
          ]
        }
      ]
    },
    {
      "module": "module.vpc",
      "mode": "managed",
      "type": "aws_subnet",
      "name": "aws_subnet",
      "provider": "provider[\"registry.terraform.io/hashicorp/aws\"]",
      "instances": [
        {
          "index_key": "prd_vpc:vpc1_priv1",
          "schema_version": 1,
          "attributes": {
            "arn": "arn:aws:ec2:us-east-1:453391784773:subnet/subnet-02992fdf79087de15",
            "assign_ipv6_address_on_creation": false,
            "availability_zone": "us-east-1b",
            "availability_zone_id": "use1-az4",
            "cidr_block": "10.0.3.0/24",
            "customer_owned_ipv4_pool": "",
            "enable_dns64": false,
            "enable_resource_name_dns_a_record_on_launch": false,
            "enable_resource_name_dns_aaaa_record_on_launch": false,
            "id": "subnet-02992fdf79087de15",
            "ipv6_cidr_block": "",
            "ipv6_cidr_block_association_id": "",
            "ipv6_native": false,
            "map_customer_owned_ip_on_launch": false,
            "map_public_ip_on_launch": false,
            "outpost_arn": "",
            "owner_id": "453391784773",
            "private_dns_hostname_type_on_launch": "ip-name",
            "tags": {
              "Name": "vpc1_priv1"
            },
            "tags_all": {
              "Name": "vpc1_priv1"
            },
            "timeouts": null,
            "vpc_id": "vpc-008679bf72918453f"
          },
          "sensitive_attributes": [],
          "private": "eyJlMmJmYjczMC1lY2FhLTExZTYtOGY4OC0zNDM2M2JjN2M0YzAiOnsiY3JlYXRlIjo2MDAwMDAwMDAwMDAsImRlbGV0ZSI6MTIwMDAwMDAwMDAwMH0sInNjaGVtYV92ZXJzaW9uIjoiMSJ9",
          "dependencies": [
            "module.vpc.aws_vpc.aws_vpc"
          ]
        },
        {
          "index_key": "prd_vpc:vpc1_pub1",
          "schema_version": 1,
          "attributes": {
            "arn": "arn:aws:ec2:us-east-1:453391784773:subnet/subnet-0716e1f19c72f3e98",
            "assign_ipv6_address_on_creation": false,
            "availability_zone": "us-east-1a",
            "availability_zone_id": "use1-az2",
            "cidr_block": "10.0.1.0/24",
            "customer_owned_ipv4_pool": "",
            "enable_dns64": false,
            "enable_resource_name_dns_a_record_on_launch": false,
            "enable_resource_name_dns_aaaa_record_on_launch": false,
            "id": "subnet-0716e1f19c72f3e98",
            "ipv6_cidr_block": "",
            "ipv6_cidr_block_association_id": "",
            "ipv6_native": false,
            "map_customer_owned_ip_on_launch": false,
            "map_public_ip_on_launch": false,
            "outpost_arn": "",
            "owner_id": "453391784773",
            "private_dns_hostname_type_on_launch": "ip-name",
            "tags": {
              "Name": "vpc1_pub1"
            },
            "tags_all": {
              "Name": "vpc1_pub1"
            },
            "timeouts": null,
            "vpc_id": "vpc-008679bf72918453f"
          },
          "sensitive_attributes": [],
          "private": "eyJlMmJmYjczMC1lY2FhLTExZTYtOGY4OC0zNDM2M2JjN2M0YzAiOnsiY3JlYXRlIjo2MDAwMDAwMDAwMDAsImRlbGV0ZSI6MTIwMDAwMDAwMDAwMH0sInNjaGVtYV92ZXJzaW9uIjoiMSJ9",
          "dependencies": [
            "module.vpc.aws_vpc.aws_vpc"
          ]
        }
      ]
    },
    {
      "module": "module.vpc",
      "mode": "managed",
      "type": "aws_vpc",
      "name": "aws_vpc",
      "provider": "provider[\"registry.terraform.io/hashicorp/aws\"]",
      "instances": [
        {
          "index_key": "prd_vpc",
          "schema_version": 1,
          "attributes": {
            "arn": "arn:aws:ec2:us-east-1:453391784773:vpc/vpc-008679bf72918453f",
            "assign_generated_ipv6_cidr_block": false,
            "cidr_block": "10.0.0.0/16",
            "default_network_acl_id": "acl-00aa272dad818d15a",
            "default_route_table_id": "rtb-0b2b2220a422c8c71",
            "default_security_group_id": "sg-057bbce376ace2333",
            "dhcp_options_id": "dopt-0fcccee78fb048d59",
            "enable_classiclink": false,
            "enable_classiclink_dns_support": false,
            "enable_dns_hostnames": false,
            "enable_dns_support": true,
            "enable_network_address_usage_metrics": false,
            "id": "vpc-008679bf72918453f",
            "instance_tenancy": "default",
            "ipv4_ipam_pool_id": null,
            "ipv4_netmask_length": null,
            "ipv6_association_id": "",
            "ipv6_cidr_block": "",
            "ipv6_cidr_block_network_border_group": "",
            "ipv6_ipam_pool_id": "",
            "ipv6_netmask_length": 0,
            "main_route_table_id": "rtb-0b2b2220a422c8c71",
            "owner_id": "453391784773",
            "tags": {
              "Name": "prd_vpc",
              "env": "prd",
              "purpose": "prd_demo"
            },
            "tags_all": {
              "Name": "prd_vpc",
              "env": "prd",
              "purpose": "prd_demo"
            }
          },
          "sensitive_attributes": [],
          "private": "eyJzY2hlbWFfdmVyc2lvbiI6IjEifQ=="
        }
      ]
    }
  ],
  "check_results": []
}
